{
  "name": "code-recorder",
  "version": "0.0.1",
  "lockfileVersion": 3,
  "requires": true,
  "packages": {
    "": {
      "name": "code-recorder",
      "version": "0.0.1",
      "license": "MIT",
      "dependencies": {
        "@itihon/file-tree-view": "^0.0.1",
        "split.js": "^1.6.5"
      }
    },
    "node_modules/@itihon/file-tree-view": {
      "version": "0.0.1",
      "resolved": "https://registry.npmjs.org/@itihon/file-tree-view/-/file-tree-view-0.0.1.tgz",
      "integrity": "sha512-GiuIavQR0htRIGadFVL2Tp8T+RMJEdHNlE2RRnwXnLG3VgUqCKwf5mygRtHG5GbYRCYJoGQ4i1mt5Xgi0TdWIw==",
      "license": "MIT"
    },
    "node_modules/split.js": {
      "version": "1.6.5",
      "resolved": "https://registry.npmjs.org/split.js/-/split.js-1.6.5.tgz",
      "integrity": "sha512-mPTnGCiS/RiuTNsVhCm9De9cCAUsrNFFviRbADdKiiV+Kk8HKp/0fWu7Kr8pi3/yBmsqLFHuXGT9UUZ+CNLwFw==",
      "license": "MIT"
    }
  }
}
